<?xml version="1.0" encoding="utf-8"?>
<Project ToolsVersion="4.0" xmlns="http://schemas.microsoft.com/developer/msbuild/2003">
  <ItemGroup>
    <Filter Include="Source Files">
      <UniqueIdentifier>{4FC737F1-C7A5-4376-A066-2A32D752A2FF}</UniqueIdentifier>
      <Extensions>cpp;c;cc;cxx;c++;cppm;ixx;def;odl;idl;hpj;bat;asm;asmx</Extensions>
    </Filter>
    <Filter Include="Header Files">
      <UniqueIdentifier>{93995380-89BD-4b04-88EB-625FBE52EBFB}</UniqueIdentifier>
      <Extensions>h;hh;hpp;hxx;h++;hm;inl;inc;ipp;xsd</Extensions>
    </Filter>
    <Filter Include="Resource Files">
      <UniqueIdentifier>{67DA6AB6-F800-4c08-8B7A-83BB121AAD01}</UniqueIdentifier>
      <Extensions>rc;ico;cur;bmp;dlg;rc2;rct;bin;rgs;gif;jpg;jpeg;jpe;resx;tiff;tif;png;wav;mfcribbon-ms</Extensions>
    </Filter>
  </ItemGroup>
  <ItemGroup>
    <ClCompile Include="main\main.cpp">
      <Filter>Source Files</Filter>
    </ClCompile>
    <ClCompile Include="libpng\example.c">
      <Filter>Source Files</Filter>
    </ClCompile>
    <ClCompile Include="libpng\png.c">
      <Filter>Source Files</Filter>
    </ClCompile>
    <ClCompile Include="libpng\pngerror.c">
      <Filter>Source Files</Filter>
    </ClCompile>
    <ClCompile Include="libpng\pnggccrd.c">
      <Filter>Source Files</Filter>
    </ClCompile>
    <ClCompile Include="libpng\pngget.c">
      <Filter>Source Files</Filter>
    </ClCompile>
    <ClCompile Include="libpng\pngmem.c">
      <Filter>Source Files</Filter>
    </ClCompile>
    <ClCompile Include="libpng\pngpread.c">
      <Filter>Source Files</Filter>
    </ClCompile>
    <ClCompile Include="libpng\pngread.c">
      <Filter>Source Files</Filter>
    </ClCompile>
    <ClCompile Include="libpng\pngrio.c">
      <Filter>Source Files</Filter>
    </ClCompile>
    <ClCompile Include="libpng\pngrtran.c">
      <Filter>Source Files</Filter>
    </ClCompile>
    <ClCompile Include="libpng\pngrutil.c">
      <Filter>Source Files</Filter>
    </ClCompile>
    <ClCompile Include="libpng\pngset.c">
      <Filter>Source Files</Filter>
    </ClCompile>
    <ClCompile Include="libpng\pngtrans.c">
      <Filter>Source Files</Filter>
    </ClCompile>
    <ClCompile Include="libpng\pngvcrd.c">
      <Filter>Source Files</Filter>
    </ClCompile>
    <ClCompile Include="libpng\pngwio.c">
      <Filter>Source Files</Filter>
    </ClCompile>
    <ClCompile Include="libpng\pngwrite.c">
      <Filter>Source Files</Filter>
    </ClCompile>
    <ClCompile Include="libpng\pngwtran.c">
      <Filter>Source Files</Filter>
    </ClCompile>
    <ClCompile Include="libpng\pngwutil.c">
      <Filter>Source Files</Filter>
    </ClCompile>
    <ClCompile Include="libpng\adler32.c">
      <Filter>Source Files</Filter>
    </ClCompile>
    <ClCompile Include="libpng\compress.c">
      <Filter>Source Files</Filter>
    </ClCompile>
    <ClCompile Include="libpng\crc32.c">
      <Filter>Source Files</Filter>
    </ClCompile>
    <ClCompile Include="libpng\deflate.c">
      <Filter>Source Files</Filter>
    </ClCompile>
    <ClCompile Include="libpng\gzclose.c">
      <Filter>Source Files</Filter>
    </ClCompile>
    <ClCompile Include="libpng\gzlib.c">
      <Filter>Source Files</Filter>
    </ClCompile>
    <ClCompile Include="libpng\gzread.c">
      <Filter>Source Files</Filter>
    </ClCompile>
    <ClCompile Include="libpng\gzwrite.c">
      <Filter>Source Files</Filter>
    </ClCompile>
    <ClCompile Include="libpng\infback.c">
      <Filter>Source Files</Filter>
    </ClCompile>
    <ClCompile Include="libpng\inffast.c">
      <Filter>Source Files</Filter>
    </ClCompile>
    <ClCompile Include="libpng\inflate.c">
      <Filter>Source Files</Filter>
    </ClCompile>
    <ClCompile Include="libpng\inftrees.c">
      <Filter>Source Files</Filter>
    </ClCompile>
    <ClCompile Include="libpng\trees.c">
      <Filter>Source Files</Filter>
    </ClCompile>
    <ClCompile Include="libpng\uncompr.c">
      <Filter>Source Files</Filter>
    </ClCompile>
    <ClCompile Include="libpng\zutil.c">
      <Filter>Source Files</Filter>
    </ClCompile>
    <ClCompile Include="file\file.cpp">
      <Filter>Source Files</Filter>
    </ClCompile>
  </ItemGroup>
  <ItemGroup>
    <ClInclude Include="main\main.h">
      <Filter>Header Files</Filter>
    </ClInclude>
    <ClInclude Include="png++\color.hpp">
      <Filter>Header Files</Filter>
    </ClInclude>
    <ClInclude Include="png++\config.hpp">
      <Filter>Header Files</Filter>
    </ClInclude>
    <ClInclude Include="png++\consumer.hpp">
      <Filter>Header Files</Filter>
    </ClInclude>
    <ClInclude Include="png++\convert_color_space.hpp">
      <Filter>Header Files</Filter>
    </ClInclude>
    <ClInclude Include="png++\end_info.hpp">
      <Filter>Header Files</Filter>
    </ClInclude>
    <ClInclude Include="png++\error.hpp">
      <Filter>Header Files</Filter>
    </ClInclude>
    <ClInclude Include="png++\ga_pixel.hpp">
      <Filter>Header Files</Filter>
    </ClInclude>
    <ClInclude Include="png++\generator.hpp">
      <Filter>Header Files</Filter>
    </ClInclude>
    <ClInclude Include="png++\gray_pixel.hpp">
      <Filter>Header Files</Filter>
    </ClInclude>
    <ClInclude Include="png++\image.hpp">
      <Filter>Header Files</Filter>
    </ClInclude>
    <ClInclude Include="png++\image_info.hpp">
      <Filter>Header Files</Filter>
    </ClInclude>
    <ClInclude Include="png++\index_pixel.hpp">
      <Filter>Header Files</Filter>
    </ClInclude>
    <ClInclude Include="png++\info.hpp">
      <Filter>Header Files</Filter>
    </ClInclude>
    <ClInclude Include="png++\info_base.hpp">
      <Filter>Header Files</Filter>
    </ClInclude>
    <ClInclude Include="png++\io_base.hpp">
      <Filter>Header Files</Filter>
    </ClInclude>
    <ClInclude Include="png++\packed_pixel.hpp">
      <Filter>Header Files</Filter>
    </ClInclude>
    <ClInclude Include="png++\palette.hpp">
      <Filter>Header Files</Filter>
    </ClInclude>
    <ClInclude Include="png++\pixel_buffer.hpp">
      <Filter>Header Files</Filter>
    </ClInclude>
    <ClInclude Include="png++\pixel_traits.hpp">
      <Filter>Header Files</Filter>
    </ClInclude>
    <ClInclude Include="png++\png.hpp">
      <Filter>Header Files</Filter>
    </ClInclude>
    <ClInclude Include="png++\reader.hpp">
      <Filter>Header Files</Filter>
    </ClInclude>
    <ClInclude Include="png++\require_color_space.hpp">
      <Filter>Header Files</Filter>
    </ClInclude>
    <ClInclude Include="png++\rgb_pixel.hpp">
      <Filter>Header Files</Filter>
    </ClInclude>
    <ClInclude Include="png++\rgba_pixel.hpp">
      <Filter>Header Files</Filter>
    </ClInclude>
    <ClInclude Include="png++\solid_pixel_buffer.hpp">
      <Filter>Header Files</Filter>
    </ClInclude>
    <ClInclude Include="png++\streaming_base.hpp">
      <Filter>Header Files</Filter>
    </ClInclude>
    <ClInclude Include="png++\tRNS.hpp">
      <Filter>Header Files</Filter>
    </ClInclude>
    <ClInclude Include="png++\types.hpp">
      <Filter>Header Files</Filter>
    </ClInclude>
    <ClInclude Include="png++\writer.hpp">
      <Filter>Header Files</Filter>
    </ClInclude>
    <ClInclude Include="libpng\png.h">
      <Filter>Header Files</Filter>
    </ClInclude>
    <ClInclude Include="libpng\pngconf.h">
      <Filter>Header Files</Filter>
    </ClInclude>
    <ClInclude Include="libpng\crc32.h">
      <Filter>Header Files</Filter>
    </ClInclude>
    <ClInclude Include="libpng\deflate.h">
      <Filter>Header Files</Filter>
    </ClInclude>
    <ClInclude Include="libpng\gzguts.h">
      <Filter>Header Files</Filter>
    </ClInclude>
    <ClInclude Include="libpng\inffast.h">
      <Filter>Header Files</Filter>
    </ClInclude>
    <ClInclude Include="libpng\inffixed.h">
      <Filter>Header Files</Filter>
    </ClInclude>
    <ClInclude Include="libpng\inflate.h">
      <Filter>Header Files</Filter>
    </ClInclude>
    <ClInclude Include="libpng\inftrees.h">
      <Filter>Header Files</Filter>
    </ClInclude>
    <ClInclude Include="libpng\trees.h">
      <Filter>Header Files</Filter>
    </ClInclude>
    <ClInclude Include="libpng\zconf.h">
      <Filter>Header Files</Filter>
    </ClInclude>
    <ClInclude Include="libpng\zlib.h">
      <Filter>Header Files</Filter>
    </ClInclude>
    <ClInclude Include="libpng\zutil.h">
      <Filter>Header Files</Filter>
    </ClInclude>
    <ClInclude Include="file\file.h">
      <Filter>Header Files</Filter>
    </ClInclude>
    <ClInclude Include="file\png\png.h">
      <Filter>Header Files</Filter>
    </ClInclude>
  </ItemGroup>
</Project>